
Microsoft Visual Studio Solution File, Format Version 12.00
Project("{FAE04EC0-301F-11D3-BF4B-00C04F79EFBC}") = "EasyTcp", "EasyTcp\EasyTcp.csproj", "{6965B6E8-B010-4762-AA18-13AA0AE31DDC}"
EndProject
Global
	GlobalSection(SolutionConfigurationPlatforms) = preSolution
		Debug|Any CPU = Debug|Any CPU
		Release|Any CPU = Release|Any CPU
	EndGlobalSection
	GlobalSection(ProjectConfigurationPlatforms) = postSolution
		{6965B6E8-B010-4762-AA18-13AA0AE31DDC}.Debug|Any CPU.ActiveCfg = Debug|Any CPU
		{6965B6E8-B010-4762-AA18-13AA0AE31DDC}.Debug|Any CPU.Build.0 = Debug|Any CPU
		{6965B6E8-B010-4762-AA18-13AA0AE31DDC}.Release|Any CPU.ActiveCfg = Release|Any CPU
		{6965B6E8-B010-4762-AA18-13AA0AE31DDC}.Release|Any CPU.Build.0 = Release|Any CPU
	EndGlobalSection
EndGlobal
